
Microsoft Visual Studio Solution File, Format Version 12.00
# Visual Studio Version 16
VisualStudioVersion = 16.0.30717.126
MinimumVisualStudioVersion = 10.0.40219.1
Project("{FAE04EC0-301F-11D3-BF4B-00C04F79EFBC}") = "UTCApi", "UTCApi\UTCApi.csproj", "{19DB3011-8418-46A0-90BF-E79521D6009A}"
EndProject
Global
	GlobalSection(SolutionConfigurationPlatforms) = preSolution
		Debug|Any CPU = Debug|Any CPU
		Release|Any CPU = Release|Any CPU
	EndGlobalSection
	GlobalSection(ProjectConfigurationPlatforms) = postSolution
		{19DB3011-8418-46A0-90BF-E79521D6009A}.Debug|Any CPU.ActiveCfg = Debug|Any CPU
		{19DB3011-8418-46A0-90BF-E79521D6009A}.Debug|Any CPU.Build.0 = Debug|Any CPU
		{19DB3011-8418-46A0-90BF-E79521D6009A}.Release|Any CPU.ActiveCfg = Release|Any CPU
		{19DB3011-8418-46A0-90BF-E79521D6009A}.Release|Any CPU.Build.0 = Release|Any CPU
	EndGlobalSection
	GlobalSection(SolutionProperties) = preSolution
		HideSolutionNode = FALSE
	EndGlobalSection
	GlobalSection(ExtensibilityGlobals) = postSolution
		SolutionGuid = {ECB5EDCE-3E8F-4E77-BBC2-F6BD96D62E56}
	EndGlobalSection
EndGlobal
